// !$*UTF8*$!
{
	archiveVersion = 1;
	classes = {
	};
	objectVersion = 46;
	objects = {

/* Begin PBXBuildFile section */
		3A65F1D41C9B555700B51D09 /* draw-raven.jpg in Resources */ = {isa = PBXBuildFile; fileRef = 3A65F1D31C9B555700B51D09 /* draw-raven.jpg */; };
		3A99738D1C99C9570033FF32 /* main.m in Sources */ = {isa = PBXBuildFile; fileRef = 3A99738C1C99C9570033FF32 /* main.m */; };
		3A9973901C99C9570033FF32 /* AppDelegate.m in Sources */ = {isa = PBXBuildFile; fileRef = 3A99738F1C99C9570033FF32 /* AppDelegate.m */; };
		3A9973931C99C9570033FF32 /* ViewController.m in Sources */ = {isa = PBXBuildFile; fileRef = 3A9973921C99C9570033FF32 /* ViewController.m */; };
		3A9973961C99C9570033FF32 /* Main.storyboard in Resources */ = {isa = PBXBuildFile; fileRef = 3A9973941C99C9570033FF32 /* Main.storyboard */; };
		3A9973981C99C9570033FF32 /* Assets.xcassets in Resources */ = {isa = PBXBuildFile; fileRef = 3A9973971C99C9570033FF32 /* Assets.xcassets */; };
		3A99739B1C99C9570033FF32 /* LaunchScreen.storyboard in Resources */ = {isa = PBXBuildFile; fileRef = 3A9973991C99C9570033FF32 /* LaunchScreen.storyboard */; };
		EE8155E7D46390D404D73A79 /* libPods-PhotoPlus.a in Frameworks */ = {isa = PBXBuildFile; fileRef = FCC0B031DF9FD95E2242960D /* libPods-PhotoPlus.a */; };
/* End PBXBuildFile section */

/* Begin PBXFileReference section */
		3A65F1D31C9B555700B51D09 /* draw-raven.jpg */ = {isa = PBXFileReference; lastKnownFileType = image.jpeg; name = "draw-raven.jpg"; path = "../../../../Google Drive/Documents/Icons/draw-raven.jpg"; sourceTree = "<group>"; };
		3A9973881C99C9570033FF32 /* PhotoPlus.app */ = {isa = PBXFileReference; explicitFileType = wrapper.application; includeInIndex = 0; path = PhotoPlus.app; sourceTree = BUILT_PRODUCTS_DIR; };
		3A99738C1C99C9570033FF32 /* main.m */ = {isa = PBXFileReference; lastKnownFileType = sourcecode.c.objc; path = main.m; sourceTree = "<group>"; };
		3A99738E1C99C9570033FF32 /* AppDelegate.h */ = {isa = PBXFileReference; lastKnownFileType = sourcecode.c.h; path = AppDelegate.h; sourceTree = "<group>"; };
		3A99738F1C99C9570033FF32 /* AppDelegate.m */ = {isa = PBXFileReference; lastKnownFileType = sourcecode.c.objc; path = AppDelegate.m; sourceTree = "<group>"; };
		3A9973911C99C9570033FF32 /* ViewController.h */ = {isa = PBXFileReference; lastKnownFileType = sourcecode.c.h; path = ViewController.h; sourceTree = "<group>"; };
		3A9973921C99C9570033FF32 /* ViewController.m */ = {isa = PBXFileReference; lastKnownFileType = sourcecode.c.objc; path = ViewController.m; sourceTree = "<group>"; };
		3A9973951C99C9570033FF32 /* Base */ = {isa = PBXFileReference; lastKnownFileType = file.storyboard; name = Base; path = Base.lproj/Main.storyboard; sourceTree = "<group>"; };
		3A9973971C99C9570033FF32 /* Assets.xcassets */ = {isa = PBXFileReference; lastKnownFileType = folder.assetcatalog; path = Assets.xcassets; sourceTree = "<group>"; };
		3A99739A1C99C9570033FF32 /* Base */ = {isa = PBXFileReference; lastKnownFileType = file.storyboard; name = Base; path = Base.lproj/LaunchScreen.storyboard; sourceTree = "<group>"; };
		3A99739C1C99C9570033FF32 /* Info.plist */ = {isa = PBXFileReference; lastKnownFileType = text.plist.xml; path = Info.plist; sourceTree = "<group>"; };
		4F07440FF3200858AEA45E10 /* Pods-PhotoPlus.release.xcconfig */ = {isa = PBXFileReference; includeInIndex = 1; lastKnownFileType = text.xcconfig; name = "Pods-PhotoPlus.release.xcconfig"; path = "Pods/Target Support Files/Pods-PhotoPlus/Pods-PhotoPlus.release.xcconfig"; sourceTree = "<group>"; };
		CF54CA91D91E55CD496E014A /* Pods-PhotoPlus.debug.xcconfig */ = {isa = PBXFileReference; includeInIndex = 1; lastKnownFileType = text.xcconfig; name = "Pods-PhotoPlus.debug.xcconfig"; path = "Pods/Target Support Files/Pods-PhotoPlus/Pods-PhotoPlus.debug.xcconfig"; sourceTree = "<group>"; };
		FCC0B031DF9FD95E2242960D /* libPods-PhotoPlus.a */ = {isa = PBXFileReference; explicitFileType = archive.ar; includeInIndex = 0; path = "libPods-PhotoPlus.a"; sourceTree = BUILT_PRODUCTS_DIR; };
/* End PBXFileReference section */

/* Begin PBXFrameworksBuildPhase section */
		3A9973851C99C9570033FF32 /* Frameworks */ = {
			isa = PBXFrameworksBuildPhase;
			buildActionMask = 2147483647;
			files = (
				EE8155E7D46390D404D73A79 /* libPods-PhotoPlus.a in Frameworks */,
			);
			runOnlyForDeploymentPostprocessing = 0;
		};
/* End PBXFrameworksBuildPhase section */

/* Begin PBXGroup section */
		2F1CDEC17316850BDAD042C4 /* Frameworks */ = {
			isa = PBXGroup;
			children = (
				FCC0B031DF9FD95E2242960D /* libPods-PhotoPlus.a */,
			);
			name = Frameworks;
			sourceTree = "<group>";
		};
		3A99737F1C99C9570033FF32 = {
			isa = PBXGroup;
			children = (
				3A99738A1C99C9570033FF32 /* PhotoPlus */,
				3A9973891C99C9570033FF32 /* Products */,
				AACD37A57DB71E57FFE9D8DE /* Pods */,
				2F1CDEC17316850BDAD042C4 /* Frameworks */,
			);
			sourceTree = "<group>";
		};
		3A9973891C99C9570033FF32 /* Products */ = {
			isa = PBXGroup;
			children = (
				3A9973881C99C9570033FF32 /* PhotoPlus.app */,
			);
			name = Products;
			sourceTree = "<group>";
		};
		3A99738A1C99C9570033FF32 /* PhotoPlus */ = {
			isa = PBXGroup;
			children = (
				3A99738E1C99C9570033FF32 /* AppDelegate.h */,
				3A99738F1C99C9570033FF32 /* AppDelegate.m */,
				3A9973911C99C9570033FF32 /* ViewController.h */,
				3A9973921C99C9570033FF32 /* ViewController.m */,
				3A9973941C99C9570033FF32 /* Main.storyboard */,
				3A9973971C99C9570033FF32 /* Assets.xcassets */,
				3A9973991C99C9570033FF32 /* LaunchScreen.storyboard */,
				3A99739C1C99C9570033FF32 /* Info.plist */,
				3A99738B1C99C9570033FF32 /* Supporting Files */,
			);
			path = PhotoPlus;
			sourceTree = "<group>";
		};
		3A99738B1C99C9570033FF32 /* Supporting Files */ = {
			isa = PBXGroup;
			children = (
				3A65F1D31C9B555700B51D09 /* draw-raven.jpg */,
				3A99738C1C99C9570033FF32 /* main.m */,
			);
			name = "Supporting Files";
			sourceTree = "<group>";
		};
		AACD37A57DB71E57FFE9D8DE /* Pods */ = {
			isa = PBXGroup;
			children = (
				CF54CA91D91E55CD496E014A /* Pods-PhotoPlus.debug.xcconfig */,
				4F07440FF3200858AEA45E10 /* Pods-PhotoPlus.release.xcconfig */,
			);
			name = Pods;
			sourceTree = "<group>";
		};
/* End PBXGroup section */

/* Begin PBXNativeTarget section */
		3A9973871C99C9570033FF32 /* PhotoPlus */ = {
			isa = PBXNativeTarget;
			buildConfigurationList = 3A99739F1C99C9570033FF32 /* Build configuration list for PBXNativeTarget "PhotoPlus" */;
			buildPhases = (
				2504DD383EC2E421FD209233 /* Check Pods Manifest.lock */,
				3A9973841C99C9570033FF32 /* Sources */,
				3A9973851C99C9570033FF32 /* Frameworks */,
				3A9973861C99C9570033FF32 /* Resources */,
				0FA0CEA6491EFED730FEF7DF /* Embed Pods Frameworks */,
				6DD3DF9D7726E18D8B105B7A /* Copy Pods Resources */,
			);
			buildRules = (
			);
			dependencies = (
			);
			name = PhotoPlus;
			productName = PhotoPlus;
			productReference = 3A9973881C99C9570033FF32 /* PhotoPlus.app */;
			productType = "com.apple.product-type.application";
		};
/* End PBXNativeTarget section */

/* Begin PBXProject section */
		3A9973801C99C9570033FF32 /* Project object */ = {
			isa = PBXProject;
			attributes = {
				LastUpgradeCheck = 0720;
				ORGANIZATIONNAME = "Macula Soft";
				TargetAttributes = {
					3A9973871C99C9570033FF32 = {
						CreatedOnToolsVersion = 7.2.1;
						DevelopmentTeam = D64YGARFCR;
					};
				};
			};
			buildConfigurationList = 3A9973831C99C9570033FF32 /* Build configuration list for PBXProject "PhotoPlus" */;
			compatibilityVersion = "Xcode 3.2";
			developmentRegion = English;
			hasScannedForEncodings = 0;
			knownRegions = (
				en,
				Base,
			);
			mainGroup = 3A99737F1C99C9570033FF32;
			productRefGroup = 3A9973891C99C9570033FF32 /* Products */;
			projectDirPath = "";
			projectRoot = "";
			targets = (
				3A9973871C99C9570033FF32 /* PhotoPlus */,
			);
		};
/* End PBXProject section */

/* Begin PBXResourcesBuildPhase section */
		3A9973861C99C9570033FF32 /* Resources */ = {
			isa = PBXResourcesBuildPhase;
			buildActionMask = 2147483647;
			files = (
				3A65F1D41C9B555700B51D09 /* draw-raven.jpg in Resources */,
				3A99739B1C99C9570033FF32 /* LaunchScreen.storyboard in Resources */,
				3A9973981C99C9570033FF32 /* Assets.xcassets in Resources */,
				3A9973961C99C9570033FF32 /* Main.storyboard in Resources */,
			);
			runOnlyForDeploymentPostprocessing = 0;
		};
/* End PBXResourcesBuildPhase section */

/* Begin PBXShellScriptBuildPhase section */
		0FA0CEA6491EFED730FEF7DF /* Embed Pods Frameworks */ = {
			isa = PBXShellScriptBuildPhase;
			buildActionMask = 2147483647;
			files = (
			);
			inputPaths = (
			);
			name = "Embed Pods Frameworks";
			outputPaths = (
			);
			runOnlyForDeploymentPostprocessing = 0;
			shellPath = /bin/sh;
			shellScript = "\"${SRCROOT}/Pods/Target Support Files/Pods-PhotoPlus/Pods-PhotoPlus-frameworks.sh\"\n";
			showEnvVarsInLog = 0;
		};
		2504DD383EC2E421FD209233 /* Check Pods Manifest.lock */ = {
			isa = PBXShellScriptBuildPhase;
			buildActionMask = 2147483647;
			files = (
			);
			inputPaths = (
			);
			name = "Check Pods Manifest.lock";
			outputPaths = (
			);
			runOnlyForDeploymentPostprocessing = 0;
			shellPath = /bin/sh;
			shellScript = "diff \"${PODS_ROOT}/../Podfile.lock\" \"${PODS_ROOT}/Manifest.lock\" > /dev/null\nif [[ $? != 0 ]] ; then\n    cat << EOM\nerror: The sandbox is not in sync with the Podfile.lock. Run 'pod install' or update your CocoaPods installation.\nEOM\n    exit 1\nfi\n";
			showEnvVarsInLog = 0;
		};
		6DD3DF9D7726E18D8B105B7A /* Copy Pods Resources */ = {
			isa = PBXShellScriptBuildPhase;
			buildActionMask = 2147483647;
			files = (
			);
			inputPaths = (
			);
			name = "Copy Pods Resources";
			outputPaths = (
			);
			runOnlyForDeploymentPostprocessing = 0;
			shellPath = /bin/sh;
			shellScript = "\"${SRCROOT}/Pods/Target Support Files/Pods-PhotoPlus/Pods-PhotoPlus-resources.sh\"\n";
			showEnvVarsInLog = 0;
		};
/* End PBXShellScriptBuildPhase section */

/* Begin PBXSourcesBuildPhase section */
		3A9973841C99C9570033FF32 /* Sources */ = {
			isa = PBXSourcesBuildPhase;
			buildActionMask = 2147483647;
			files = (
				3A9973931C99C9570033FF32 /* ViewController.m in Sources */,
				3A9973901C99C9570033FF32 /* AppDelegate.m in Sources */,
				3A99738D1C99C9570033FF32 /* main.m in Sources */,
			);
			runOnlyForDeploymentPostprocessing = 0;
		};
/* End PBXSourcesBuildPhase section */

/* Begin PBXVariantGroup section */
		3A9973941C99C9570033FF32 /* Main.storyboard */ = {
			isa = PBXVariantGroup;
			children = (
				3A9973951C99C9570033FF32 /* Base */,
			);
			name = Main.storyboard;
			sourceTree = "<group>";
		};
		3A9973991C99C9570033FF32 /* LaunchScreen.storyboard */ = {
			isa = PBXVariantGroup;
			children = (
				3A99739A1C99C9570033FF32 /* Base */,
			);
			name = LaunchScreen.storyboard;
			sourceTree = "<group>";
		};
/* End PBXVariantGroup section */

/* Begin XCBuildConfiguration section */
		3A99739D1C99C9570033FF32 /* Debug */ = {
			isa = XCBuildConfiguration;
			buildSettings = {
				ALWAYS_SEARCH_USER_PATHS = NO;
				CLANG_CXX_LANGUAGE_STANDARD = "gnu++0x";
				CLANG_CXX_LIBRARY = "libc++";
				CLANG_ENABLE_MODULES = YES;
				CLANG_ENABLE_OBJC_ARC = YES;
				CLANG_WARN_BOOL_CONVERSION = YES;
				CLANG_WARN_CONSTANT_CONVERSION = YES;
				CLANG_WARN_DIRECT_OBJC_ISA_USAGE = YES_ERROR;
				CLANG_WARN_EMPTY_BODY = YES;
				CLANG_WARN_ENUM_CONVERSION = YES;
				CLANG_WARN_INT_CONVERSION = YES;
				CLANG_WARN_OBJC_ROOT_CLASS = YES_ERROR;
				CLANG_WARN_UNREACHABLE_CODE = YES;
				CLANG_WARN__DUPLICATE_METHOD_MATCH = YES;
				"CODE_SIGN_IDENTITY[sdk=iphoneos*]" = "iPhone Developer";
				COPY_PHASE_STRIP = NO;
				DEBUG_INFORMATION_FORMAT = dwarf;
				ENABLE_STRICT_OBJC_MSGSEND = YES;
				ENABLE_TESTABILITY = YES;
				GCC_C_LANGUAGE_STANDARD = gnu99;
				GCC_DYNAMIC_NO_PIC = NO;
				GCC_NO_COMMON_BLOCKS = YES;
				GCC_OPTIMIZATION_LEVEL = 0;
				GCC_PREPROCESSOR_DEFINITIONS = (
					"DEBUG=1",
					"$(inherited)",
				);
				GCC_WARN_64_TO_32_BIT_CONVERSION = YES;
				GCC_WARN_ABOUT_RETURN_TYPE = YES_ERROR;
				GCC_WARN_UNDECLARED_SELECTOR = YES;
				GCC_WARN_UNINITIALIZED_AUTOS = YES_AGGRESSIVE;
				GCC_WARN_UNUSED_FUNCTION = YES;
				GCC_WARN_UNUSED_VARIABLE = YES;
				IPHONEOS_DEPLOYMENT_TARGET = 9.2;
				MTL_ENABLE_DEBUG_INFO = YES;
				ONLY_ACTIVE_ARCH = YES;
				SDKROOT = iphoneos;
				TARGETED_DEVICE_FAMILY = "1,2";
			};
			name = Debug;
		};
		3A99739E1C99C9570033FF32 /* Release */ = {
			isa = XCBuildConfiguration;
			buildSettings = {
				ALWAYS_SEARCH_USER_PATHS = NO;
				CLANG_CXX_LANGUAGE_STANDARD = "gnu++0x";
				CLANG_CXX_LIBRARY = "libc++";
				CLANG_ENABLE_MODULES = YES;
				CLANG_ENABLE_OBJC_ARC = YES;
				CLANG_WARN_BOOL_CONVERSION = YES;
				CLANG_WARN_CONSTANT_CONVERSION = YES;
				CLANG_WARN_DIRECT_OBJC_ISA_USAGE = YES_ERROR;
				CLANG_WARN_EMPTY_BODY = YES;
				CLANG_WARN_ENUM_CONVERSION = YES;
				CLANG_WARN_INT_CONVERSION = YES;
				CLANG_WARN_OBJC_ROOT_CLASS = YES_ERROR;
				CLANG_WARN_UNREACHABLE_CODE = YES;
				CLANG_WARN__DUPLICATE_METHOD_MATCH = YES;
				"CODE_SIGN_IDENTITY[sdk=iphoneos*]" = "iPhone Developer";
				COPY_PHASE_STRIP = NO;
				DEBUG_INFORMATION_FORMAT = "dwarf-with-dsym";
				ENABLE_NS_ASSERTIONS = NO;
				ENABLE_STRICT_OBJC_MSGSEND = YES;
				GCC_C_LANGUAGE_STANDARD = gnu99;
				GCC_NO_COMMON_BLOCKS = YES;
				GCC_WARN_64_TO_32_BIT_CONVERSION = YES;
				GCC_WARN_ABOUT_RETURN_TYPE = YES_ERROR;
				GCC_WARN_UNDECLARED_SELECTOR = YES;
				GCC_WARN_UNINITIALIZED_AUTOS = YES_AGGRESSIVE;
				GCC_WARN_UNUSED_FUNCTION = YES;
				GCC_WARN_UNUSED_VARIABLE = YES;
				IPHONEOS_DEPLOYMENT_TARGET = 9.2;
				MTL_ENABLE_DEBUG_INFO = NO;
				SDKROOT = iphoneos;
				TARGETED_DEVICE_FAMILY = "1,2";
				VALIDATE_PRODUCT = YES;
			};
			name = Release;
		};
		3A9973A01C99C9570033FF32 /* Debug */ = {
			isa = XCBuildConfiguration;
			baseConfigurationReference = CF54CA91D91E55CD496E014A /* Pods-PhotoPlus.debug.xcconfig */;
			buildSettings = {
				ASSETCATALOG_COMPILER_APPICON_NAME = AppIcon;
				INFOPLIST_FILE = PhotoPlus/Info.plist;
				LD_RUNPATH_SEARCH_PATHS = "$(inherited) @executable_path/Frameworks";
				PRODUCT_BUNDLE_IDENTIFIER = macula.soft.PhotoPlus;
				PRODUCT_NAME = "$(TARGET_NAME)";
			};
			name = Debug;
		};
		3A9973A11C99C9570033FF32 /* Release */ = {
			isa = XCBuildConfiguration;
			baseConfigurationReference = 4F07440FF3200858AEA45E10 /* Pods-PhotoPlus.release.xcconfig */;
			buildSettings = {
				ASSETCATALOG_COMPILER_APPICON_NAME = AppIcon;
				INFOPLIST_FILE = PhotoPlus/Info.plist;
				LD_RUNPATH_SEARCH_PATHS = "$(inherited) @executable_path/Frameworks";
				PRODUCT_BUNDLE_IDENTIFIER = macula.soft.PhotoPlus;
				PRODUCT_NAME = "$(TARGET_NAME)";
			};
			name = Release;
		};
/* End XCBuildConfiguration section */

/* Begin XCConfigurationList section */
		3A9973831C99C9570033FF32 /* Build configuration list for PBXProject "PhotoPlus" */ = {
			isa = XCConfigurationList;
			buildConfigurations = (
				3A99739D1C99C9570033FF32 /* Debug */,
				3A99739E1C99C9570033FF32 /* Release */,
			);
			defaultConfigurationIsVisible = 0;
			defaultConfigurationName = Release;
		};
		3A99739F1C99C9570033FF32 /* Build configuration list for PBXNativeTarget "PhotoPlus" */ = {
			isa = XCConfigurationList;
			buildConfigurations = (
				3A9973A01C99C9570033FF32 /* Debug */,
				3A9973A11C99C9570033FF32 /* Release */,
			);
			defaultConfigurationIsVisible = 0;
			defaultConfigurationName = Release;
		};
/* End XCConfigurationList section */
	};
	rootObject = 3A9973801C99C9570033FF32 /* Project object */;
}
